// !$*UTF8*$!
{
	archiveVersion = 1;
	classes = {
	};
	objectVersion = 50;
	objects = {

/* Begin PBXBuildFile section */
		0C9EEE2326F8B07000AF9FFC /* StocksService.swift in Sources */ = {isa = PBXBuildFile; fileRef = 0C9EEE2226F8B07000AF9FFC /* StocksService.swift */; };
		0C9EEE2726F8BD4B00AF9FFC /* StocksModel.swift in Sources */ = {isa = PBXBuildFile; fileRef = 0C9EEE2626F8BD4B00AF9FFC /* StocksModel.swift */; };
		0C9EEE2926F8E66E00AF9FFC /* StocksData.swift in Sources */ = {isa = PBXBuildFile; fileRef = 0C9EEE2826F8E66E00AF9FFC /* StocksData.swift */; };
		55CC59B626D250A60019E3F7 /* AppDelegate.swift in Sources */ = {isa = PBXBuildFile; fileRef = 55CC59B526D250A60019E3F7 /* AppDelegate.swift */; };
		55CC59B826D250A60019E3F7 /* SceneDelegate.swift in Sources */ = {isa = PBXBuildFile; fileRef = 55CC59B726D250A60019E3F7 /* SceneDelegate.swift */; };
		55CC59BA26D250A60019E3F7 /* ViewController.swift in Sources */ = {isa = PBXBuildFile; fileRef = 55CC59B926D250A60019E3F7 /* ViewController.swift */; };
		55CC59BD26D250A60019E3F7 /* Main.storyboard in Resources */ = {isa = PBXBuildFile; fileRef = 55CC59BB26D250A60019E3F7 /* Main.storyboard */; };
		55CC59BF26D250A70019E3F7 /* Assets.xcassets in Resources */ = {isa = PBXBuildFile; fileRef = 55CC59BE26D250A70019E3F7 /* Assets.xcassets */; };
		55CC59C226D250A70019E3F7 /* LaunchScreen.storyboard in Resources */ = {isa = PBXBuildFile; fileRef = 55CC59C026D250A70019E3F7 /* LaunchScreen.storyboard */; };
/* End PBXBuildFile section */

/* Begin PBXFileReference section */
		0C9EEE2226F8B07000AF9FFC /* StocksService.swift */ = {isa = PBXFileReference; lastKnownFileType = sourcecode.swift; path = StocksService.swift; sourceTree = "<group>"; };
		0C9EEE2626F8BD4B00AF9FFC /* StocksModel.swift */ = {isa = PBXFileReference; lastKnownFileType = sourcecode.swift; path = StocksModel.swift; sourceTree = "<group>"; };
		0C9EEE2826F8E66E00AF9FFC /* StocksData.swift */ = {isa = PBXFileReference; lastKnownFileType = sourcecode.swift; path = StocksData.swift; sourceTree = "<group>"; };
		55CC59B226D250A50019E3F7 /* Stocks.app */ = {isa = PBXFileReference; explicitFileType = wrapper.application; includeInIndex = 0; path = Stocks.app; sourceTree = BUILT_PRODUCTS_DIR; };
		55CC59B526D250A60019E3F7 /* AppDelegate.swift */ = {isa = PBXFileReference; lastKnownFileType = sourcecode.swift; path = AppDelegate.swift; sourceTree = "<group>"; };
		55CC59B726D250A60019E3F7 /* SceneDelegate.swift */ = {isa = PBXFileReference; lastKnownFileType = sourcecode.swift; path = SceneDelegate.swift; sourceTree = "<group>"; };
		55CC59B926D250A60019E3F7 /* ViewController.swift */ = {isa = PBXFileReference; lastKnownFileType = sourcecode.swift; path = ViewController.swift; sourceTree = "<group>"; };
		55CC59BC26D250A60019E3F7 /* Base */ = {isa = PBXFileReference; lastKnownFileType = file.storyboard; name = Base; path = Base.lproj/Main.storyboard; sourceTree = "<group>"; };
		55CC59BE26D250A70019E3F7 /* Assets.xcassets */ = {isa = PBXFileReference; lastKnownFileType = folder.assetcatalog; path = Assets.xcassets; sourceTree = "<group>"; };
		55CC59C126D250A70019E3F7 /* Base */ = {isa = PBXFileReference; lastKnownFileType = file.storyboard; name = Base; path = Base.lproj/LaunchScreen.storyboard; sourceTree = "<group>"; };
		55CC59C326D250A70019E3F7 /* Info.plist */ = {isa = PBXFileReference; lastKnownFileType = text.plist.xml; path = Info.plist; sourceTree = "<group>"; };
/* End PBXFileReference section */

/* Begin PBXFrameworksBuildPhase section */
		55CC59AF26D250A50019E3F7 /* Frameworks */ = {
			isa = PBXFrameworksBuildPhase;
			buildActionMask = 2147483647;
			files = (
			);
			runOnlyForDeploymentPostprocessing = 0;
		};
/* End PBXFrameworksBuildPhase section */

/* Begin PBXGroup section */
		0C9EEE1C26F8AD9C00AF9FFC /* View */ = {
			isa = PBXGroup;
			children = (
				55CC59BB26D250A60019E3F7 /* Main.storyboard */,
			);
			path = View;
			sourceTree = "<group>";
		};
		0C9EEE1F26F8AFA900AF9FFC /* Model */ = {
			isa = PBXGroup;
			children = (
				0C9EEE2226F8B07000AF9FFC /* StocksService.swift */,
				0C9EEE2626F8BD4B00AF9FFC /* StocksModel.swift */,
				0C9EEE2826F8E66E00AF9FFC /* StocksData.swift */,
			);
			path = Model;
			sourceTree = "<group>";
		};
		0C9EEE2126F8B01700AF9FFC /* Controller */ = {
			isa = PBXGroup;
			children = (
				55CC59B926D250A60019E3F7 /* ViewController.swift */,
			);
			path = Controller;
			sourceTree = "<group>";
		};
		55CC59A926D250A50019E3F7 = {
			isa = PBXGroup;
			children = (
				55CC59B426D250A60019E3F7 /* Stocks */,
				55CC59B326D250A50019E3F7 /* Products */,
			);
			sourceTree = "<group>";
		};
		55CC59B326D250A50019E3F7 /* Products */ = {
			isa = PBXGroup;
			children = (
				55CC59B226D250A50019E3F7 /* Stocks.app */,
			);
			name = Products;
			sourceTree = "<group>";
		};
		55CC59B426D250A60019E3F7 /* Stocks */ = {
			isa = PBXGroup;
			children = (
				55CC59B526D250A60019E3F7 /* AppDelegate.swift */,
				55CC59B726D250A60019E3F7 /* SceneDelegate.swift */,
				0C9EEE1F26F8AFA900AF9FFC /* Model */,
				0C9EEE1C26F8AD9C00AF9FFC /* View */,
				0C9EEE2126F8B01700AF9FFC /* Controller */,
				55CC59BE26D250A70019E3F7 /* Assets.xcassets */,
				55CC59C026D250A70019E3F7 /* LaunchScreen.storyboard */,
				55CC59C326D250A70019E3F7 /* Info.plist */,
			);
			path = Stocks;
			sourceTree = "<group>";
		};
/* End PBXGroup section */

/* Begin PBXNativeTarget section */
		55CC59B126D250A50019E3F7 /* Stocks */ = {
			isa = PBXNativeTarget;
			buildConfigurationList = 55CC59C626D250A70019E3F7 /* Build configuration list for PBXNativeTarget "Stocks" */;
			buildPhases = (
				55CC59AE26D250A50019E3F7 /* Sources */,
				55CC59AF26D250A50019E3F7 /* Frameworks */,
				55CC59B026D250A50019E3F7 /* Resources */,
				55CC59C926D25A740019E3F7 /* ShellScript */,
			);
			buildRules = (
			);
			dependencies = (
			);
			name = Stocks;
			productName = Stocks;
			productReference = 55CC59B226D250A50019E3F7 /* Stocks.app */;
			productType = "com.apple.product-type.application";
		};
/* End PBXNativeTarget section */

/* Begin PBXProject section */
		55CC59AA26D250A50019E3F7 /* Project object */ = {
			isa = PBXProject;
			attributes = {
				LastSwiftUpdateCheck = 1250;
				LastUpgradeCheck = 1250;
				TargetAttributes = {
					55CC59B126D250A50019E3F7 = {
						CreatedOnToolsVersion = 12.5.1;
					};
				};
			};
			buildConfigurationList = 55CC59AD26D250A50019E3F7 /* Build configuration list for PBXProject "Stocks" */;
			compatibilityVersion = "Xcode 9.3";
			developmentRegion = en;
			hasScannedForEncodings = 0;
			knownRegions = (
				en,
				Base,
			);
			mainGroup = 55CC59A926D250A50019E3F7;
			productRefGroup = 55CC59B326D250A50019E3F7 /* Products */;
			projectDirPath = "";
			projectRoot = "";
			targets = (
				55CC59B126D250A50019E3F7 /* Stocks */,
			);
		};
/* End PBXProject section */

/* Begin PBXResourcesBuildPhase section */
		55CC59B026D250A50019E3F7 /* Resources */ = {
			isa = PBXResourcesBuildPhase;
			buildActionMask = 2147483647;
			files = (
				55CC59C226D250A70019E3F7 /* LaunchScreen.storyboard in Resources */,
				55CC59BF26D250A70019E3F7 /* Assets.xcassets in Resources */,
				55CC59BD26D250A60019E3F7 /* Main.storyboard in Resources */,
			);
			runOnlyForDeploymentPostprocessing = 0;
		};
/* End PBXResourcesBuildPhase section */

/* Begin PBXShellScriptBuildPhase section */
		55CC59C926D25A740019E3F7 /* ShellScript */ = {
			isa = PBXShellScriptBuildPhase;
			buildActionMask = 2147483647;
			files = (
			);
			inputFileListPaths = (
			);
			inputPaths = (
			);
			outputFileListPaths = (
			);
			outputPaths = (
			);
			runOnlyForDeploymentPostprocessing = 0;
			shellPath = /bin/sh;
			shellScript = "
";
		};
/* End PBXShellScriptBuildPhase section */

/* Begin PBXSourcesBuildPhase section */
		55CC59AE26D250A50019E3F7 /* Sources */ = {
			isa = PBXSourcesBuildPhase;
			buildActionMask = 2147483647;
			files = (
				0C9EEE2926F8E66E00AF9FFC /* StocksData.swift in Sources */,
				55CC59BA26D250A60019E3F7 /* ViewController.swift in Sources */,
				0C9EEE2326F8B07000AF9FFC /* StocksService.swift in Sources */,
				55CC59B626D250A60019E3F7 /* AppDelegate.swift in Sources */,
				55CC59B826D250A60019E3F7 /* SceneDelegate.swift in Sources */,
				0C9EEE2726F8BD4B00AF9FFC /* StocksModel.swift in Sources */,
			);
			runOnlyForDeploymentPostprocessing = 0;
		};
/* End PBXSourcesBuildPhase section */

/* Begin PBXVariantGroup section */
		55CC59BB26D250A60019E3F7 /* Main.storyboard */ = {
			isa = PBXVariantGroup;
			children = (
				55CC59BC26D250A60019E3F7 /* Base */,
			);
			name = Main.storyboard;
			sourceTree = "<group>";
		};
		55CC59C026D250A70019E3F7 /* LaunchScreen.storyboard */ = {
			isa = PBXVariantGroup;
			children = (
				55CC59C126D250A70019E3F7 /* Base */,
			);
			name = LaunchScreen.storyboard;
			sourceTree = "<group>";
		};
/* End PBXVariantGroup section */

/* Begin XCBuildConfiguration section */
		55CC59C426D250A70019E3F7 /* Debug */ = {
			isa = XCBuildConfiguration;
			buildSettings = {
				ALWAYS_SEARCH_USER_PATHS = NO;
				CLANG_ANALYZER_NONNULL = YES;
				CLANG_ANALYZER_NUMBER_OBJECT_CONVERSION = YES_AGGRESSIVE;
				CLANG_CXX_LANGUAGE_STANDARD = "gnu++14";
				CLANG_CXX_LIBRARY = "libc++";
				CLANG_ENABLE_MODULES = YES;
				CLANG_ENABLE_OBJC_ARC = YES;
				CLANG_ENABLE_OBJC_WEAK = YES;
				CLANG_WARN_BLOCK_CAPTURE_AUTORELEASING = YES;
				CLANG_WARN_BOOL_CONVERSION = YES;
				CLANG_WARN_COMMA = YES;
				CLANG_WARN_CONSTANT_CONVERSION = YES;
				CLANG_WARN_DEPRECATED_OBJC_IMPLEMENTATIONS = YES;
				CLANG_WARN_DIRECT_OBJC_ISA_USAGE = YES_ERROR;
				CLANG_WARN_DOCUMENTATION_COMMENTS = YES;
				CLANG_WARN_EMPTY_BODY = YES;
				CLANG_WARN_ENUM_CONVERSION = YES;
				CLANG_WARN_INFINITE_RECURSION = YES;
				CLANG_WARN_INT_CONVERSION = YES;
				CLANG_WARN_NON_LITERAL_NULL_CONVERSION = YES;
				CLANG_WARN_OBJC_IMPLICIT_RETAIN_SELF = YES;
				CLANG_WARN_OBJC_LITERAL_CONVERSION = YES;
				CLANG_WARN_OBJC_ROOT_CLASS = YES_ERROR;
				CLANG_WARN_QUOTED_INCLUDE_IN_FRAMEWORK_HEADER = YES;
				CLANG_WARN_RANGE_LOOP_ANALYSIS = YES;
				CLANG_WARN_STRICT_PROTOTYPES = YES;
				CLANG_WARN_SUSPICIOUS_MOVE = YES;
				CLANG_WARN_UNGUARDED_AVAILABILITY = YES_AGGRESSIVE;
				CLANG_WARN_UNREACHABLE_CODE = YES;
				CLANG_WARN__DUPLICATE_METHOD_MATCH = YES;
				COPY_PHASE_STRIP = NO;
				DEBUG_INFORMATION_FORMAT = dwarf;
				ENABLE_STRICT_OBJC_MSGSEND = YES;
				ENABLE_TESTABILITY = YES;
				GCC_C_LANGUAGE_STANDARD = gnu11;
				GCC_DYNAMIC_NO_PIC = NO;
				GCC_NO_COMMON_BLOCKS = YES;
				GCC_OPTIMIZATION_LEVEL = 0;
				GCC_PREPROCESSOR_DEFINITIONS = (
					"DEBUG=1",
					"$(inherited)",
				);
				GCC_WARN_64_TO_32_BIT_CONVERSION = YES;
				GCC_WARN_ABOUT_RETURN_TYPE = YES_ERROR;
				GCC_WARN_UNDECLARED_SELECTOR = YES;
				GCC_WARN_UNINITIALIZED_AUTOS = YES_AGGRESSIVE;
				GCC_WARN_UNUSED_FUNCTION = YES;
				GCC_WARN_UNUSED_VARIABLE = YES;
				IPHONEOS_DEPLOYMENT_TARGET = 14.5;
				MTL_ENABLE_DEBUG_INFO = INCLUDE_SOURCE;
				MTL_FAST_MATH = YES;
				ONLY_ACTIVE_ARCH = YES;
				SDKROOT = iphoneos;
				SWIFT_ACTIVE_COMPILATION_CONDITIONS = DEBUG;
				SWIFT_OPTIMIZATION_LEVEL = "-Onone";
			};
			name = Debug;
		};
		55CC59C526D250A70019E3F7 /* Release */ = {
			isa = XCBuildConfiguration;
			buildSettings = {
				ALWAYS_SEARCH_USER_PATHS = NO;
				CLANG_ANALYZER_NONNULL = YES;
				CLANG_ANALYZER_NUMBER_OBJECT_CONVERSION = YES_AGGRESSIVE;
				CLANG_CXX_LANGUAGE_STANDARD = "gnu++14";
				CLANG_CXX_LIBRARY = "libc++";
				CLANG_ENABLE_MODULES = YES;
				CLANG_ENABLE_OBJC_ARC = YES;
				CLANG_ENABLE_OBJC_WEAK = YES;
				CLANG_WARN_BLOCK_CAPTURE_AUTORELEASING = YES;
				CLANG_WARN_BOOL_CONVERSION = YES;
				CLANG_WARN_COMMA = YES;
				CLANG_WARN_CONSTANT_CONVERSION = YES;
				CLANG_WARN_DEPRECATED_OBJC_IMPLEMENTATIONS = YES;
				CLANG_WARN_DIRECT_OBJC_ISA_USAGE = YES_ERROR;
				CLANG_WARN_DOCUMENTATION_COMMENTS = YES;
				CLANG_WARN_EMPTY_BODY = YES;
				CLANG_WARN_ENUM_CONVERSION = YES;
				CLANG_WARN_INFINITE_RECURSION = YES;
				CLANG_WARN_INT_CONVERSION = YES;
				CLANG_WARN_NON_LITERAL_NULL_CONVERSION = YES;
				CLANG_WARN_OBJC_IMPLICIT_RETAIN_SELF = YES;
				CLANG_WARN_OBJC_LITERAL_CONVERSION = YES;
				CLANG_WARN_OBJC_ROOT_CLASS = YES_ERROR;
				CLANG_WARN_QUOTED_INCLUDE_IN_FRAMEWORK_HEADER = YES;
				CLANG_WARN_RANGE_LOOP_ANALYSIS = YES;
				CLANG_WARN_STRICT_PROTOTYPES = YES;
				CLANG_WARN_SUSPICIOUS_MOVE = YES;
				CLANG_WARN_UNGUARDED_AVAILABILITY = YES_AGGRESSIVE;
				CLANG_WARN_UNREACHABLE_CODE = YES;
				CLANG_WARN__DUPLICATE_METHOD_MATCH = YES;
				COPY_PHASE_STRIP = NO;
				DEBUG_INFORMATION_FORMAT = "dwarf-with-dsym";
				ENABLE_NS_ASSERTIONS = NO;
				ENABLE_STRICT_OBJC_MSGSEND = YES;
				GCC_C_LANGUAGE_STANDARD = gnu11;
				GCC_NO_COMMON_BLOCKS = YES;
				GCC_WARN_64_TO_32_BIT_CONVERSION = YES;
				GCC_WARN_ABOUT_RETURN_TYPE = YES_ERROR;
				GCC_WARN_UNDECLARED_SELECTOR = YES;
				GCC_WARN_UNINITIALIZED_AUTOS = YES_AGGRESSIVE;
				GCC_WARN_UNUSED_FUNCTION = YES;
				GCC_WARN_UNUSED_VARIABLE = YES;
				IPHONEOS_DEPLOYMENT_TARGET = 14.5;
				MTL_ENABLE_DEBUG_INFO = NO;
				MTL_FAST_MATH = YES;
				SDKROOT = iphoneos;
				SWIFT_COMPILATION_MODE = wholemodule;
				SWIFT_OPTIMIZATION_LEVEL = "-O";
				VALIDATE_PRODUCT = YES;
			};
			name = Release;
		};
		55CC59C726D250A70019E3F7 /* Debug */ = {
			isa = XCBuildConfiguration;
			buildSettings = {
				ASSETCATALOG_COMPILER_APPICON_NAME = AppIcon;
				ASSETCATALOG_COMPILER_GLOBAL_ACCENT_COLOR_NAME = AccentColor;
				CODE_SIGN_STYLE = Automatic;
				DEVELOPMENT_TEAM = ZF563CFLZB;
				INFOPLIST_FILE = Stocks/Info.plist;
				"INFOPLIST_FILE[sdk=*]" = Stocks/Info.plist;
				LD_RUNPATH_SEARCH_PATHS = (
					"$(inherited)",
					"@executable_path/Frameworks",
				);
				PRODUCT_BUNDLE_IDENTIFIER = com.dariaten.Stocks;
				PRODUCT_NAME = "$(TARGET_NAME)";
				SWIFT_VERSION = 5.0;
				TARGETED_DEVICE_FAMILY = "1,2";
			};
			name = Debug;
		};
		55CC59C826D250A70019E3F7 /* Release */ = {
			isa = XCBuildConfiguration;
			buildSettings = {
				ASSETCATALOG_COMPILER_APPICON_NAME = AppIcon;
				ASSETCATALOG_COMPILER_GLOBAL_ACCENT_COLOR_NAME = AccentColor;
				CODE_SIGN_STYLE = Automatic;
				DEVELOPMENT_TEAM = ZF563CFLZB;
				INFOPLIST_FILE = Stocks/Info.plist;
				"INFOPLIST_FILE[sdk=*]" = Stocks/Info.plist;
				LD_RUNPATH_SEARCH_PATHS = (
					"$(inherited)",
					"@executable_path/Frameworks",
				);
				PRODUCT_BUNDLE_IDENTIFIER = com.dariaten.Stocks;
				PRODUCT_NAME = "$(TARGET_NAME)";
				SWIFT_VERSION = 5.0;
				TARGETED_DEVICE_FAMILY = "1,2";
			};
			name = Release;
		};
/* End XCBuildConfiguration section */

/* Begin XCConfigurationList section */
		55CC59AD26D250A50019E3F7 /* Build configuration list for PBXProject "Stocks" */ = {
			isa = XCConfigurationList;
			buildConfigurations = (
				55CC59C426D250A70019E3F7 /* Debug */,
				55CC59C526D250A70019E3F7 /* Release */,
			);
			defaultConfigurationIsVisible = 0;
			defaultConfigurationName = Release;
		};
		55CC59C626D250A70019E3F7 /* Build configuration list for PBXNativeTarget "Stocks" */ = {
			isa = XCConfigurationList;
			buildConfigurations = (
				55CC59C726D250A70019E3F7 /* Debug */,
				55CC59C826D250A70019E3F7 /* Release */,
			);
			defaultConfigurationIsVisible = 0;
			defaultConfigurationName = Release;
		};
/* End XCConfigurationList section */
	};
	rootObject = 55CC59AA26D250A50019E3F7 /* Project object */;
}
